
Microsoft Visual Studio Solution File, Format Version 12.00
# Visual Studio 15
VisualStudioVersion = 15.0.28010.2046
MinimumVisualStudioVersion = 10.0.40219.1
Project("{888888A0-9F3D-457C-B088-3A5042F75D52}") = "travis-test", "travis-test.pyproj", "{7D46FC87-5693-422E-9513-9A68CBB1124C}"
EndProject
Global
	GlobalSection(SolutionConfigurationPlatforms) = preSolution
		Debug|Any CPU = Debug|Any CPU
		Release|Any CPU = Release|Any CPU
	EndGlobalSection
	GlobalSection(ProjectConfigurationPlatforms) = postSolution
		{7D46FC87-5693-422E-9513-9A68CBB1124C}.Debug|Any CPU.ActiveCfg = Debug|Any CPU
		{7D46FC87-5693-422E-9513-9A68CBB1124C}.Debug|Any CPU.Build.0 = Debug|Any CPU
		{7D46FC87-5693-422E-9513-9A68CBB1124C}.Release|Any CPU.ActiveCfg = Release|Any CPU
		{7D46FC87-5693-422E-9513-9A68CBB1124C}.Release|Any CPU.Build.0 = Release|Any CPU
	EndGlobalSection
	GlobalSection(SolutionProperties) = preSolution
		HideSolutionNode = FALSE
	EndGlobalSection
	GlobalSection(ExtensibilityGlobals) = postSolution
		SolutionGuid = {61961643-4351-4859-A6F4-9C54A281D9D1}
	EndGlobalSection
EndGlobal
